
Microsoft Visual Studio Solution File, Format Version 12.00
# Visual Studio Version 17
VisualStudioVersion = 17.12.35521.163 d17.12
MinimumVisualStudioVersion = 10.0.40219.1
Project("{FAE04EC0-301F-11D3-BF4B-00C04F79EFBC}") = "BlazorLearn", "BlazorLearn\BlazorLearn.csproj", "{32A9C580-EA67-4633-9EE9-604A8E9CDF2B}"
EndProject
Project("{FAE04EC0-301F-11D3-BF4B-00C04F79EFBC}") = "BlazorLearn.AppHost", "BlazorLearn.AppHost\BlazorLearn.AppHost.csproj", "{5D14018C-CCA1-4CC7-909C-46B9A24B00C6}"
EndProject
Project("{FAE04EC0-301F-11D3-BF4B-00C04F79EFBC}") = "BlazorLearn.ServiceDefaults", "BlazorLearn.ServiceDefaults\BlazorLearn.ServiceDefaults.csproj", "{BF623BDE-E840-4D43-979F-6376C0EF6CBC}"
EndProject
Global
	GlobalSection(SolutionConfigurationPlatforms) = preSolution
		Debug|Any CPU = Debug|Any CPU
		Release|Any CPU = Release|Any CPU
	EndGlobalSection
	GlobalSection(ProjectConfigurationPlatforms) = postSolution
		{32A9C580-EA67-4633-9EE9-604A8E9CDF2B}.Debug|Any CPU.ActiveCfg = Debug|Any CPU
		{32A9C580-EA67-4633-9EE9-604A8E9CDF2B}.Debug|Any CPU.Build.0 = Debug|Any CPU
		{32A9C580-EA67-4633-9EE9-604A8E9CDF2B}.Release|Any CPU.ActiveCfg = Release|Any CPU
		{32A9C580-EA67-4633-9EE9-604A8E9CDF2B}.Release|Any CPU.Build.0 = Release|Any CPU
		{5D14018C-CCA1-4CC7-909C-46B9A24B00C6}.Debug|Any CPU.ActiveCfg = Debug|Any CPU
		{5D14018C-CCA1-4CC7-909C-46B9A24B00C6}.Debug|Any CPU.Build.0 = Debug|Any CPU
		{5D14018C-CCA1-4CC7-909C-46B9A24B00C6}.Release|Any CPU.ActiveCfg = Release|Any CPU
		{5D14018C-CCA1-4CC7-909C-46B9A24B00C6}.Release|Any CPU.Build.0 = Release|Any CPU
		{BF623BDE-E840-4D43-979F-6376C0EF6CBC}.Debug|Any CPU.ActiveCfg = Debug|Any CPU
		{BF623BDE-E840-4D43-979F-6376C0EF6CBC}.Debug|Any CPU.Build.0 = Debug|Any CPU
		{BF623BDE-E840-4D43-979F-6376C0EF6CBC}.Release|Any CPU.ActiveCfg = Release|Any CPU
		{BF623BDE-E840-4D43-979F-6376C0EF6CBC}.Release|Any CPU.Build.0 = Release|Any CPU
	EndGlobalSection
	GlobalSection(SolutionProperties) = preSolution
		HideSolutionNode = FALSE
	EndGlobalSection
EndGlobal
